// !$*UTF8*$!
{
	archiveVersion = 1;
	classes = {
	};
	objectVersion = 77;
	objects = {

/* Begin PBXBuildFile section */
		92B8D9CE2FFDE09F000E9004 /* LoadShareExtension.appex in Embed Foundation Extensions */ = {isa = PBXBuildFile; fileRef = 92B8D9C42FFDE09F000E9004 /* LoadShareExtension.appex */; settings = {ATTRIBUTES = (RemoveHeadersOnCopy, ); }; };
/* End PBXBuildFile section */

/* Begin PBXContainerItemProxy section */
		924504642F5CF14E00004415 /* PBXContainerItemProxy */ = {
			isa = PBXContainerItemProxy;
			containerPortal = 9245044C2F5CF14C00004415 /* Project object */;
			proxyType = 1;
			remoteGlobalIDString = 924504532F5CF14C00004415;
			remoteInfo = iTruckersCoDriver;
		};
		9245046E2F5CF14E00004415 /* PBXContainerItemProxy */ = {
			isa = PBXContainerItemProxy;
			containerPortal = 9245044C2F5CF14C00004415 /* Project object */;
			proxyType = 1;
			remoteGlobalIDString = 924504532F5CF14C00004415;
			remoteInfo = iTruckersCoDriver;
		};
		92B8D9CC2FFDE09F000E9004 /* PBXContainerItemProxy */ = {
			isa = PBXContainerItemProxy;
			containerPortal = 9245044C2F5CF14C00004415 /* Project object */;
			proxyType = 1;
			remoteGlobalIDString = 92B8D9C32FFDE09F000E9004;
			remoteInfo = LoadShareExtension;
		};
/* End PBXContainerItemProxy section */

/* Begin PBXCopyFilesBuildPhase section */
		92B8D9D32FFDE09F000E9004 /* Embed Foundation Extensions */ = {
			isa = PBXCopyFilesBuildPhase;
			buildActionMask = 2147483647;
			dstPath = "";
			dstSubfolderSpec = 13;
			files = (
				92B8D9CE2FFDE09F000E9004 /* LoadShareExtension.appex in Embed Foundation Extensions */,
			);
			name = "Embed Foundation Extensions";
			runOnlyForDeploymentPostprocessing = 0;
		};
/* End PBXCopyFilesBuildPhase section */

/* Begin PBXFileReference section */
		924504542F5CF14C00004415 /* iTruckersCoDriver.app */ = {isa = PBXFileReference; explicitFileType = wrapper.application; includeInIndex = 0; path = iTruckersCoDriver.app; sourceTree = BUILT_PRODUCTS_DIR; };
		924504632F5CF14E00004415 /* iTruckersCoDriverTests.xctest */ = {isa = PBXFileReference; explicitFileType = wrapper.cfbundle; includeInIndex = 0; path = iTruckersCoDriverTests.xctest; sourceTree = BUILT_PRODUCTS_DIR; };
		9245046D2F5CF14E00004415 /* iTruckersCoDriverUITests.xctest */ = {isa = PBXFileReference; explicitFileType = wrapper.cfbundle; includeInIndex = 0; path = iTruckersCoDriverUITests.xctest; sourceTree = BUILT_PRODUCTS_DIR; };
		92B8D9C42FFDE09F000E9004 /* LoadShareExtension.appex */ = {isa = PBXFileReference; explicitFileType = "wrapper.app-extension"; includeInIndex = 0; path = LoadShareExtension.appex; sourceTree = BUILT_PRODUCTS_DIR; };
		92B8D9E02FFDEF4C000E9004 /* LoadShareExtension.entitlements */ = {isa = PBXFileReference; lastKnownFileType = text.plist.entitlements; name = LoadShareExtension.entitlements; path = LoadShareExtension/LoadShareExtension.entitlements; sourceTree = "<group>"; };
/* End PBXFileReference section */

/* Begin PBXFileSystemSynchronizedBuildFileExceptionSet section */
		9245048B2F5D05E600004415 /* Exceptions for "iTruckersCoDriver" folder in "iTruckersCoDriver" target */ = {
			isa = PBXFileSystemSynchronizedBuildFileExceptionSet;
			membershipExceptions = (
				Info.plist,
			);
			target = 924504532F5CF14C00004415 /* iTruckersCoDriver */;
		};
		926D53542FFDF73500D35FA4 /* Exceptions for "iTruckersCoDriver" folder in "LoadShareExtension" target */ = {
			isa = PBXFileSystemSynchronizedBuildFileExceptionSet;
			membershipExceptions = (
				Core/PendingLoadImportStore.swift,
			);
			target = 92B8D9C32FFDE09F000E9004 /* LoadShareExtension */;
		};
		926D53552FFDF81600D35FA4 /* Exceptions for "LoadShareExtension" folder in "LoadShareExtension" target */ = {
			isa = PBXFileSystemSynchronizedBuildFileExceptionSet;
			membershipExceptions = (
				Info.plist,
			);
			target = 92B8D9C32FFDE09F000E9004 /* LoadShareExtension */;
		};
/* End PBXFileSystemSynchronizedBuildFileExceptionSet section */

/* Begin PBXFileSystemSynchronizedRootGroup section */
		924504562F5CF14C00004415 /* iTruckersCoDriver */ = {
			isa = PBXFileSystemSynchronizedRootGroup;
			exceptions = (
				9245048B2F5D05E600004415 /* Exceptions for "iTruckersCoDriver" folder in "iTruckersCoDriver" target */,
				926D53542FFDF73500D35FA4 /* Exceptions for "iTruckersCoDriver" folder in "LoadShareExtension" target */,
			);
			path = iTruckersCoDriver;
			sourceTree = "<group>";
		};
		924504662F5CF14E00004415 /* iTruckersCoDriverTests */ = {
			isa = PBXFileSystemSynchronizedRootGroup;
			path = iTruckersCoDriverTests;
			sourceTree = "<group>";
		};
		924504702F5CF14E00004415 /* iTruckersCoDriverUITests */ = {
			isa = PBXFileSystemSynchronizedRootGroup;
			path = iTruckersCoDriverUITests;
			sourceTree = "<group>";
		};
		926D534E2FFDF60A00D35FA4 /* LoadShareExtension */ = {
			isa = PBXFileSystemSynchronizedRootGroup;
			exceptions = (
				926D53552FFDF81600D35FA4 /* Exceptions for "LoadShareExtension" folder in "LoadShareExtension" target */,
			);
			path = LoadShareExtension;
			sourceTree = "<group>";
		};
/* End PBXFileSystemSynchronizedRootGroup section */

/* Begin PBXFrameworksBuildPhase section */
		924504512F5CF14C00004415 /* Frameworks */ = {
			isa = PBXFrameworksBuildPhase;
			buildActionMask = 2147483647;
			files = (
			);
			runOnlyForDeploymentPostprocessing = 0;
		};
		924504602F5CF14E00004415 /* Frameworks */ = {
			isa = PBXFrameworksBuildPhase;
			buildActionMask = 2147483647;
			files = (
			);
			runOnlyForDeploymentPostprocessing = 0;
		};
		9245046A2F5CF14E00004415 /* Frameworks */ = {
			isa = PBXFrameworksBuildPhase;
			buildActionMask = 2147483647;
			files = (
			);
			runOnlyForDeploymentPostprocessing = 0;
		};
		92B8D9C12FFDE09F000E9004 /* Frameworks */ = {
			isa = PBXFrameworksBuildPhase;
			buildActionMask = 2147483647;
			files = (
			);
			runOnlyForDeploymentPostprocessing = 0;
		};
/* End PBXFrameworksBuildPhase section */

/* Begin PBXGroup section */
		9245044B2F5CF14C00004415 = {
			isa = PBXGroup;
			children = (
				92B8D9E02FFDEF4C000E9004 /* LoadShareExtension.entitlements */,
				924504562F5CF14C00004415 /* iTruckersCoDriver */,
				924504662F5CF14E00004415 /* iTruckersCoDriverTests */,
				924504702F5CF14E00004415 /* iTruckersCoDriverUITests */,
				926D534E2FFDF60A00D35FA4 /* LoadShareExtension */,
				924504552F5CF14C00004415 /* Products */,
			);
			sourceTree = "<group>";
		};
		924504552F5CF14C00004415 /* Products */ = {
			isa = PBXGroup;
			children = (
				924504542F5CF14C00004415 /* iTruckersCoDriver.app */,
				924504632F5CF14E00004415 /* iTruckersCoDriverTests.xctest */,
				9245046D2F5CF14E00004415 /* iTruckersCoDriverUITests.xctest */,
				92B8D9C42FFDE09F000E9004 /* LoadShareExtension.appex */,
			);
			name = Products;
			sourceTree = "<group>";
		};
/* End PBXGroup section */

/* Begin PBXNativeTarget section */
		924504532F5CF14C00004415 /* iTruckersCoDriver */ = {
			isa = PBXNativeTarget;
			buildConfigurationList = 924504772F5CF14E00004415 /* Build configuration list for PBXNativeTarget "iTruckersCoDriver" */;
			buildPhases = (
				924504502F5CF14C00004415 /* Sources */,
				924504512F5CF14C00004415 /* Frameworks */,
				924504522F5CF14C00004415 /* Resources */,
				92B8D9D32FFDE09F000E9004 /* Embed Foundation Extensions */,
			);
			buildRules = (
			);
			dependencies = (
				92B8D9CD2FFDE09F000E9004 /* PBXTargetDependency */,
			);
			fileSystemSynchronizedGroups = (
				924504562F5CF14C00004415 /* iTruckersCoDriver */,
			);
			name = iTruckersCoDriver;
			packageProductDependencies = (
			);
			productName = iTruckersCoDriver;
			productReference = 924504542F5CF14C00004415 /* iTruckersCoDriver.app */;
			productType = "com.apple.product-type.application";
		};
		924504622F5CF14E00004415 /* iTruckersCoDriverTests */ = {
			isa = PBXNativeTarget;
			buildConfigurationList = 9245047A2F5CF14E00004415 /* Build configuration list for PBXNativeTarget "iTruckersCoDriverTests" */;
			buildPhases = (
				9245045F2F5CF14E00004415 /* Sources */,
				924504602F5CF14E00004415 /* Frameworks */,
				924504612F5CF14E00004415 /* Resources */,
			);
			buildRules = (
			);
			dependencies = (
				924504652F5CF14E00004415 /* PBXTargetDependency */,
			);
			fileSystemSynchronizedGroups = (
				924504662F5CF14E00004415 /* iTruckersCoDriverTests */,
			);
			name = iTruckersCoDriverTests;
			packageProductDependencies = (
			);
			productName = iTruckersCoDriverTests;
			productReference = 924504632F5CF14E00004415 /* iTruckersCoDriverTests.xctest */;
			productType = "com.apple.product-type.bundle.unit-test";
		};
		9245046C2F5CF14E00004415 /* iTruckersCoDriverUITests */ = {
			isa = PBXNativeTarget;
			buildConfigurationList = 9245047D2F5CF14E00004415 /* Build configuration list for PBXNativeTarget "iTruckersCoDriverUITests" */;
			buildPhases = (
				924504692F5CF14E00004415 /* Sources */,
				9245046A2F5CF14E00004415 /* Frameworks */,
				9245046B2F5CF14E00004415 /* Resources */,
			);
			buildRules = (
			);
			dependencies = (
				9245046F2F5CF14E00004415 /* PBXTargetDependency */,
			);
			fileSystemSynchronizedGroups = (
				924504702F5CF14E00004415 /* iTruckersCoDriverUITests */,
			);
			name = iTruckersCoDriverUITests;
			packageProductDependencies = (
			);
			productName = iTruckersCoDriverUITests;
			productReference = 9245046D2F5CF14E00004415 /* iTruckersCoDriverUITests.xctest */;
			productType = "com.apple.product-type.bundle.ui-testing";
		};
		92B8D9C32FFDE09F000E9004 /* LoadShareExtension */ = {
			isa = PBXNativeTarget;
			buildConfigurationList = 92B8D9CF2FFDE09F000E9004 /* Build configuration list for PBXNativeTarget "LoadShareExtension" */;
			buildPhases = (
				92B8D9C02FFDE09F000E9004 /* Sources */,
				92B8D9C12FFDE09F000E9004 /* Frameworks */,
				92B8D9C22FFDE09F000E9004 /* Resources */,
			);
			buildRules = (
			);
			dependencies = (
			);
			fileSystemSynchronizedGroups = (
				926D534E2FFDF60A00D35FA4 /* LoadShareExtension */,
			);
			name = LoadShareExtension;
			packageProductDependencies = (
			);
			productName = LoadShareExtension;
			productReference = 92B8D9C42FFDE09F000E9004 /* LoadShareExtension.appex */;
			productType = "com.apple.product-type.app-extension";
		};
/* End PBXNativeTarget section */

/* Begin PBXProject section */
		9245044C2F5CF14C00004415 /* Project object */ = {
			isa = PBXProject;
			attributes = {
				BuildIndependentTargetsInParallel = 1;
				LastSwiftUpdateCheck = 2700;
				LastUpgradeCheck = 2630;
				TargetAttributes = {
					924504532F5CF14C00004415 = {
						CreatedOnToolsVersion = 26.3;
						SystemCapabilities = {
							com.apple.BackgroundModes = {
								enabled = 1;
							};
							com.apple.HealthKit = {
								enabled = 1;
							};
							com.apple.Push = {
								enabled = 1;
							};
							com.apple.WeatherKit = {
								enabled = 1;
							};
							com.apple.iCloud = {
								enabled = 1;
							};
						};
					};
					924504622F5CF14E00004415 = {
						CreatedOnToolsVersion = 26.3;
						TestTargetID = 924504532F5CF14C00004415;
					};
					9245046C2F5CF14E00004415 = {
						CreatedOnToolsVersion = 26.3;
						TestTargetID = 924504532F5CF14C00004415;
					};
					92B8D9C32FFDE09F000E9004 = {
						CreatedOnToolsVersion = 27.0;
					};
				};
			};
			buildConfigurationList = 9245044F2F5CF14C00004415 /* Build configuration list for PBXProject "iTruckersCoDriver" */;
			developmentRegion = en;
			hasScannedForEncodings = 0;
			knownRegions = (
				en,
				Base,
			);
			mainGroup = 9245044B2F5CF14C00004415;
			minimizedProjectReferenceProxies = 1;
			preferredProjectObjectVersion = 77;
			productRefGroup = 924504552F5CF14C00004415 /* Products */;
			projectDirPath = "";
			projectRoot = "";
			targets = (
				924504532F5CF14C00004415 /* iTruckersCoDriver */,
				924504622F5CF14E00004415 /* iTruckersCoDriverTests */,
				9245046C2F5CF14E00004415 /* iTruckersCoDriverUITests */,
				92B8D9C32FFDE09F000E9004 /* LoadShareExtension */,
			);
		};
/* End PBXProject section */

/* Begin PBXResourcesBuildPhase section */
		924504522F5CF14C00004415 /* Resources */ = {
			isa = PBXResourcesBuildPhase;
			buildActionMask = 2147483647;
			files = (
			);
			runOnlyForDeploymentPostprocessing = 0;
		};
		924504612F5CF14E00004415 /* Resources */ = {
			isa = PBXResourcesBuildPhase;
			buildActionMask = 2147483647;
			files = (
			);
			runOnlyForDeploymentPostprocessing = 0;
		};
		9245046B2F5CF14E00004415 /* Resources */ = {
			isa = PBXResourcesBuildPhase;
			buildActionMask = 2147483647;
			files = (
			);
			runOnlyForDeploymentPostprocessing = 0;
		};
		92B8D9C22FFDE09F000E9004 /* Resources */ = {
			isa = PBXResourcesBuildPhase;
			buildActionMask = 2147483647;
			files = (
			);
			runOnlyForDeploymentPostprocessing = 0;
		};
/* End PBXResourcesBuildPhase section */

/* Begin PBXSourcesBuildPhase section */
		924504502F5CF14C00004415 /* Sources */ = {
			isa = PBXSourcesBuildPhase;
			buildActionMask = 2147483647;
			files = (
			);
			runOnlyForDeploymentPostprocessing = 0;
		};
		9245045F2F5CF14E00004415 /* Sources */ = {
			isa = PBXSourcesBuildPhase;
			buildActionMask = 2147483647;
			files = (
			);
			runOnlyForDeploymentPostprocessing = 0;
		};
		924504692F5CF14E00004415 /* Sources */ = {
			isa = PBXSourcesBuildPhase;
			buildActionMask = 2147483647;
			files = (
			);
			runOnlyForDeploymentPostprocessing = 0;
		};
		92B8D9C02FFDE09F000E9004 /* Sources */ = {
			isa = PBXSourcesBuildPhase;
			buildActionMask = 2147483647;
			files = (
			);
			runOnlyForDeploymentPostprocessing = 0;
		};
/* End PBXSourcesBuildPhase section */

/* Begin PBXTargetDependency section */
		924504652F5CF14E00004415 /* PBXTargetDependency */ = {
			isa = PBXTargetDependency;
			target = 924504532F5CF14C00004415 /* iTruckersCoDriver */;
			targetProxy = 924504642F5CF14E00004415 /* PBXContainerItemProxy */;
		};
		9245046F2F5CF14E00004415 /* PBXTargetDependency */ = {
			isa = PBXTargetDependency;
			target = 924504532F5CF14C00004415 /* iTruckersCoDriver */;
			targetProxy = 9245046E2F5CF14E00004415 /* PBXContainerItemProxy */;
		};
		92B8D9CD2FFDE09F000E9004 /* PBXTargetDependency */ = {
			isa = PBXTargetDependency;
			target = 92B8D9C32FFDE09F000E9004 /* LoadShareExtension */;
			targetProxy = 92B8D9CC2FFDE09F000E9004 /* PBXContainerItemProxy */;
		};
/* End PBXTargetDependency section */

/* Begin XCBuildConfiguration section */
		924504752F5CF14E00004415 /* Debug */ = {
			isa = XCBuildConfiguration;
			buildSettings = {
				ALWAYS_SEARCH_USER_PATHS = NO;
				ASSETCATALOG_COMPILER_GENERATE_SWIFT_ASSET_SYMBOL_EXTENSIONS = YES;
				CLANG_ANALYZER_NONNULL = YES;
				CLANG_ANALYZER_NUMBER_OBJECT_CONVERSION = YES_AGGRESSIVE;
				CLANG_CXX_LANGUAGE_STANDARD = "gnu++20";
				CLANG_ENABLE_MODULES = YES;
				CLANG_ENABLE_OBJC_ARC = YES;
				CLANG_ENABLE_OBJC_WEAK = YES;
				CLANG_WARN_BLOCK_CAPTURE_AUTORELEASING = YES;
				CLANG_WARN_BOOL_CONVERSION = YES;
				CLANG_WARN_COMMA = YES;
				CLANG_WARN_CONSTANT_CONVERSION = YES;
				CLANG_WARN_DEPRECATED_OBJC_IMPLEMENTATIONS = YES;
				CLANG_WARN_DIRECT_OBJC_ISA_USAGE = YES_ERROR;
				CLANG_WARN_DOCUMENTATION_COMMENTS = YES;
				CLANG_WARN_EMPTY_BODY = YES;
				CLANG_WARN_ENUM_CONVERSION = YES;
				CLANG_WARN_INFINITE_RECURSION = YES;
				CLANG_WARN_INT_CONVERSION = YES;
				CLANG_WARN_NON_LITERAL_NULL_CONVERSION = YES;
				CLANG_WARN_OBJC_IMPLICIT_RETAIN_SELF = YES;
				CLANG_WARN_OBJC_LITERAL_CONVERSION = YES;
				CLANG_WARN_OBJC_ROOT_CLASS = YES_ERROR;
				CLANG_WARN_QUOTED_INCLUDE_IN_FRAMEWORK_HEADER = YES;
				CLANG_WARN_RANGE_LOOP_ANALYSIS = YES;
				CLANG_WARN_STRICT_PROTOTYPES = YES;
				CLANG_WARN_SUSPICIOUS_MOVE = YES;
				CLANG_WARN_UNGUARDED_AVAILABILITY = YES_AGGRESSIVE;
				CLANG_WARN_UNREACHABLE_CODE = YES;
				CLANG_WARN__DUPLICATE_METHOD_MATCH = YES;
				COPY_PHASE_STRIP = NO;
				DEBUG_INFORMATION_FORMAT = dwarf;
				DEVELOPMENT_TEAM = 965RA266P3;
				ENABLE_STRICT_OBJC_MSGSEND = YES;
				ENABLE_TESTABILITY = YES;
				ENABLE_USER_SCRIPT_SANDBOXING = YES;
				GCC_C_LANGUAGE_STANDARD = gnu17;
				GCC_DYNAMIC_NO_PIC = NO;
				GCC_NO_COMMON_BLOCKS = YES;
				GCC_OPTIMIZATION_LEVEL = 0;
				GCC_PREPROCESSOR_DEFINITIONS = (
					"DEBUG=1",
					"$(inherited)",
				);
				GCC_WARN_64_TO_32_BIT_CONVERSION = YES;
				GCC_WARN_ABOUT_RETURN_TYPE = YES_ERROR;
				GCC_WARN_UNDECLARED_SELECTOR = YES;
				GCC_WARN_UNINITIALIZED_AUTOS = YES_AGGRESSIVE;
				GCC_WARN_UNUSED_FUNCTION = YES;
				GCC_WARN_UNUSED_VARIABLE = YES;
				LOCALIZATION_PREFERS_STRING_CATALOGS = YES;
				MTL_ENABLE_DEBUG_INFO = INCLUDE_SOURCE;
				MTL_FAST_MATH = YES;
				ONLY_ACTIVE_ARCH = YES;
				SWIFT_ACTIVE_COMPILATION_CONDITIONS = "DEBUG $(inherited)";
				SWIFT_OPTIMIZATION_LEVEL = "-Onone";
			};
			name = Debug;
		};
		924504762F5CF14E00004415 /* Release */ = {
			isa = XCBuildConfiguration;
			buildSettings = {
				ALWAYS_SEARCH_USER_PATHS = NO;
				ASSETCATALOG_COMPILER_GENERATE_SWIFT_ASSET_SYMBOL_EXTENSIONS = YES;
				CLANG_ANALYZER_NONNULL = YES;
				CLANG_ANALYZER_NUMBER_OBJECT_CONVERSION = YES_AGGRESSIVE;
				CLANG_CXX_LANGUAGE_STANDARD = "gnu++20";
				CLANG_ENABLE_MODULES = YES;
				CLANG_ENABLE_OBJC_ARC = YES;
				CLANG_ENABLE_OBJC_WEAK = YES;
				CLANG_WARN_BLOCK_CAPTURE_AUTORELEASING = YES;
				CLANG_WARN_BOOL_CONVERSION = YES;
				CLANG_WARN_COMMA = YES;
				CLANG_WARN_CONSTANT_CONVERSION = YES;
				CLANG_WARN_DEPRECATED_OBJC_IMPLEMENTATIONS = YES;
				CLANG_WARN_DIRECT_OBJC_ISA_USAGE = YES_ERROR;
				CLANG_WARN_DOCUMENTATION_COMMENTS = YES;
				CLANG_WARN_EMPTY_BODY = YES;
				CLANG_WARN_ENUM_CONVERSION = YES;
				CLANG_WARN_INFINITE_RECURSION = YES;
				CLANG_WARN_INT_CONVERSION = YES;
				CLANG_WARN_NON_LITERAL_NULL_CONVERSION = YES;
				CLANG_WARN_OBJC_IMPLICIT_RETAIN_SELF = YES;
				CLANG_WARN_OBJC_LITERAL_CONVERSION = YES;
				CLANG_WARN_OBJC_ROOT_CLASS = YES_ERROR;
				CLANG_WARN_QUOTED_INCLUDE_IN_FRAMEWORK_HEADER = YES;
				CLANG_WARN_RANGE_LOOP_ANALYSIS = YES;
				CLANG_WARN_STRICT_PROTOTYPES = YES;
				CLANG_WARN_SUSPICIOUS_MOVE = YES;
				CLANG_WARN_UNGUARDED_AVAILABILITY = YES_AGGRESSIVE;
				CLANG_WARN_UNREACHABLE_CODE = YES;
				CLANG_WARN__DUPLICATE_METHOD_MATCH = YES;
				COPY_PHASE_STRIP = NO;
				DEBUG_INFORMATION_FORMAT = "dwarf-with-dsym";
				DEVELOPMENT_TEAM = 965RA266P3;
				ENABLE_NS_ASSERTIONS = NO;
				ENABLE_STRICT_OBJC_MSGSEND = YES;
				ENABLE_USER_SCRIPT_SANDBOXING = YES;
				GCC_C_LANGUAGE_STANDARD = gnu17;
				GCC_NO_COMMON_BLOCKS = YES;
				GCC_WARN_64_TO_32_BIT_CONVERSION = YES;
				GCC_WARN_ABOUT_RETURN_TYPE = YES_ERROR;
				GCC_WARN_UNDECLARED_SELECTOR = YES;
				GCC_WARN_UNINITIALIZED_AUTOS = YES_AGGRESSIVE;
				GCC_WARN_UNUSED_FUNCTION = YES;
				GCC_WARN_UNUSED_VARIABLE = YES;
				LOCALIZATION_PREFERS_STRING_CATALOGS = YES;
				MTL_ENABLE_DEBUG_INFO = NO;
				MTL_FAST_MATH = YES;
				SWIFT_COMPILATION_MODE = wholemodule;
			};
			name = Release;
		};
		924504782F5CF14E00004415 /* Debug */ = {
			isa = XCBuildConfiguration;
			buildSettings = {
				ASSETCATALOG_COMPILER_APPICON_NAME = AppIcon;
				ASSETCATALOG_COMPILER_GLOBAL_ACCENT_COLOR_NAME = AccentColor;
				AUTOMATION_APPLE_EVENTS = YES;
				CODE_SIGN_ENTITLEMENTS = iTruckersCoDriver/iTruckersCoDriver.entitlements;
				CODE_SIGN_STYLE = Automatic;
				CURRENT_PROJECT_VERSION = 4;
				DEVELOPMENT_TEAM = 965RA266P3;
				ENABLE_APP_SANDBOX = YES;
				ENABLE_HARDENED_RUNTIME = YES;
				ENABLE_INCOMING_NETWORK_CONNECTIONS = YES;
				ENABLE_OUTGOING_NETWORK_CONNECTIONS = YES;
				ENABLE_PREVIEWS = YES;
				ENABLE_RESOURCE_ACCESS_AUDIO_INPUT = YES;
				ENABLE_RESOURCE_ACCESS_BLUETOOTH = NO;
				ENABLE_RESOURCE_ACCESS_CALENDARS = YES;
				ENABLE_RESOURCE_ACCESS_CAMERA = YES;
				ENABLE_RESOURCE_ACCESS_CONTACTS = YES;
				ENABLE_RESOURCE_ACCESS_LOCATION = YES;
				ENABLE_RESOURCE_ACCESS_PHOTO_LIBRARY = YES;
				ENABLE_RESOURCE_ACCESS_PRINTING = NO;
				ENABLE_RESOURCE_ACCESS_USB = NO;
				ENABLE_USER_SELECTED_FILES = readonly;
				GENERATE_INFOPLIST_FILE = YES;
				INFOPLIST_FILE = iTruckersCoDriver/Info.plist;
				INFOPLIST_KEY_NSHealthShareUsageDescription = "iTrucker's Co-Driver can monitor your heart rate, heart rate variability, and sleep to detect fatigue and help you stay safe on long hauls. This is opt-in only — your raw health data never leaves your device.";
				INFOPLIST_KEY_NSHealthUpdateUsageDescription = "iTrucker's Co-Driver does not write health data. This permission is requested by the HealthKit framework but not used.";
				INFOPLIST_KEY_NSLocationWhenInUseUsageDescription = "iTrucker's Co-Driver uses your location to find nearby fuel stops, rest areas, truck stops, and to provide accurate weather conditions along your route.";
				INFOPLIST_KEY_NSMicrophoneUsageDescription = "iTrucker's Co-Driver uses your microphone to listen for voice commands so you can keep your hands on the wheel and eyes on the road.";
				INFOPLIST_KEY_NSSpeechRecognitionUsageDescription = "iTrucker's Co-Driver uses speech recognition to understand your voice commands for navigation, fuel stops, rest areas, hours of service logging, and more.";
				"INFOPLIST_KEY_UIApplicationSceneManifest_Generation[sdk=iphoneos*]" = YES;
				"INFOPLIST_KEY_UIApplicationSceneManifest_Generation[sdk=iphonesimulator*]" = YES;
				"INFOPLIST_KEY_UIApplicationSupportsIndirectInputEvents[sdk=iphoneos*]" = YES;
				"INFOPLIST_KEY_UIApplicationSupportsIndirectInputEvents[sdk=iphonesimulator*]" = YES;
				"INFOPLIST_KEY_UILaunchScreen_Generation[sdk=iphoneos*]" = YES;
				"INFOPLIST_KEY_UILaunchScreen_Generation[sdk=iphonesimulator*]" = YES;
				"INFOPLIST_KEY_UIStatusBarStyle[sdk=iphoneos*]" = UIStatusBarStyleDefault;
				"INFOPLIST_KEY_UIStatusBarStyle[sdk=iphonesimulator*]" = UIStatusBarStyleDefault;
				INFOPLIST_KEY_UISupportedInterfaceOrientations_iPad = "UIInterfaceOrientationPortrait UIInterfaceOrientationPortraitUpsideDown UIInterfaceOrientationLandscapeLeft UIInterfaceOrientationLandscapeRight";
				INFOPLIST_KEY_UISupportedInterfaceOrientations_iPhone = "UIInterfaceOrientationPortrait UIInterfaceOrientationLandscapeLeft UIInterfaceOrientationLandscapeRight";
				IPHONEOS_DEPLOYMENT_TARGET = 27.0;
				LD_RUNPATH_SEARCH_PATHS = "@executable_path/Frameworks";
				"LD_RUNPATH_SEARCH_PATHS[sdk=macosx*]" = "@executable_path/../Frameworks";
				MACOSX_DEPLOYMENT_TARGET = 27.0;
				MARKETING_VERSION = 1.0;
				PRODUCT_BUNDLE_IDENTIFIER = clarkdjcr.iTruckersCoDriver;
				PRODUCT_NAME = "$(TARGET_NAME)";
				REGISTER_APP_GROUPS = YES;
				RUNTIME_EXCEPTION_ALLOW_DYLD_ENVIRONMENT_VARIABLES = NO;
				RUNTIME_EXCEPTION_ALLOW_JIT = NO;
				RUNTIME_EXCEPTION_ALLOW_UNSIGNED_EXECUTABLE_MEMORY = NO;
				RUNTIME_EXCEPTION_DEBUGGING_TOOL = NO;
				RUNTIME_EXCEPTION_DISABLE_EXECUTABLE_PAGE_PROTECTION = NO;
				RUNTIME_EXCEPTION_DISABLE_LIBRARY_VALIDATION = NO;
				SDKROOT = auto;
				STRING_CATALOG_GENERATE_SYMBOLS = YES;
				SUPPORTED_PLATFORMS = "iphoneos iphonesimulator macosx xros xrsimulator";
				SWIFT_APPROACHABLE_CONCURRENCY = YES;
				SWIFT_DEFAULT_ACTOR_ISOLATION = MainActor;
				SWIFT_EMIT_LOC_STRINGS = YES;
				SWIFT_UPCOMING_FEATURE_MEMBER_IMPORT_VISIBILITY = YES;
				SWIFT_VERSION = 5.0;
				TARGETED_DEVICE_FAMILY = "1,2,7";
				XROS_DEPLOYMENT_TARGET = 26.2;
			};
			name = Debug;
		};
		924504792F5CF14E00004415 /* Release */ = {
			isa = XCBuildConfiguration;
			buildSettings = {
				ASSETCATALOG_COMPILER_APPICON_NAME = AppIcon;
				ASSETCATALOG_COMPILER_GLOBAL_ACCENT_COLOR_NAME = AccentColor;
				AUTOMATION_APPLE_EVENTS = YES;
				CODE_SIGN_ENTITLEMENTS = iTruckersCoDriver/iTruckersCoDriver.entitlements;
				CODE_SIGN_STYLE = Automatic;
				CURRENT_PROJECT_VERSION = 4;
				DEVELOPMENT_TEAM = 965RA266P3;
				ENABLE_APP_SANDBOX = YES;
				ENABLE_HARDENED_RUNTIME = YES;
				ENABLE_INCOMING_NETWORK_CONNECTIONS = YES;
				ENABLE_OUTGOING_NETWORK_CONNECTIONS = YES;
				ENABLE_PREVIEWS = YES;
				ENABLE_RESOURCE_ACCESS_AUDIO_INPUT = YES;
				ENABLE_RESOURCE_ACCESS_BLUETOOTH = NO;
				ENABLE_RESOURCE_ACCESS_CALENDARS = YES;
				ENABLE_RESOURCE_ACCESS_CAMERA = YES;
				ENABLE_RESOURCE_ACCESS_CONTACTS = YES;
				ENABLE_RESOURCE_ACCESS_LOCATION = YES;
				ENABLE_RESOURCE_ACCESS_PHOTO_LIBRARY = YES;
				ENABLE_RESOURCE_ACCESS_PRINTING = NO;
				ENABLE_RESOURCE_ACCESS_USB = NO;
				ENABLE_USER_SELECTED_FILES = readonly;
				GENERATE_INFOPLIST_FILE = YES;
				INFOPLIST_FILE = iTruckersCoDriver/Info.plist;
				INFOPLIST_KEY_NSHealthShareUsageDescription = "iTrucker's Co-Driver can monitor your heart rate, heart rate variability, and sleep to detect fatigue and help you stay safe on long hauls. This is opt-in only — your raw health data never leaves your device.";
				INFOPLIST_KEY_NSHealthUpdateUsageDescription = "iTrucker's Co-Driver does not write health data. This permission is requested by the HealthKit framework but not used.";
				INFOPLIST_KEY_NSLocationWhenInUseUsageDescription = "iTrucker's Co-Driver uses your location to find nearby fuel stops, rest areas, truck stops, and to provide accurate weather conditions along your route.";
				INFOPLIST_KEY_NSMicrophoneUsageDescription = "iTrucker's Co-Driver uses your microphone to listen for voice commands so you can keep your hands on the wheel and eyes on the road.";
				INFOPLIST_KEY_NSSpeechRecognitionUsageDescription = "iTrucker's Co-Driver uses speech recognition to understand your voice commands for navigation, fuel stops, rest areas, hours of service logging, and more.";
				"INFOPLIST_KEY_UIApplicationSceneManifest_Generation[sdk=iphoneos*]" = YES;
				"INFOPLIST_KEY_UIApplicationSceneManifest_Generation[sdk=iphonesimulator*]" = YES;
				"INFOPLIST_KEY_UIApplicationSupportsIndirectInputEvents[sdk=iphoneos*]" = YES;
				"INFOPLIST_KEY_UIApplicationSupportsIndirectInputEvents[sdk=iphonesimulator*]" = YES;
				"INFOPLIST_KEY_UILaunchScreen_Generation[sdk=iphoneos*]" = YES;
				"INFOPLIST_KEY_UILaunchScreen_Generation[sdk=iphonesimulator*]" = YES;
				"INFOPLIST_KEY_UIStatusBarStyle[sdk=iphoneos*]" = UIStatusBarStyleDefault;
				"INFOPLIST_KEY_UIStatusBarStyle[sdk=iphonesimulator*]" = UIStatusBarStyleDefault;
				INFOPLIST_KEY_UISupportedInterfaceOrientations_iPad = "UIInterfaceOrientationPortrait UIInterfaceOrientationPortraitUpsideDown UIInterfaceOrientationLandscapeLeft UIInterfaceOrientationLandscapeRight";
				INFOPLIST_KEY_UISupportedInterfaceOrientations_iPhone = "UIInterfaceOrientationPortrait UIInterfaceOrientationLandscapeLeft UIInterfaceOrientationLandscapeRight";
				IPHONEOS_DEPLOYMENT_TARGET = 27.0;
				LD_RUNPATH_SEARCH_PATHS = "@executable_path/Frameworks";
				"LD_RUNPATH_SEARCH_PATHS[sdk=macosx*]" = "@executable_path/../Frameworks";
				MACOSX_DEPLOYMENT_TARGET = 27.0;
				MARKETING_VERSION = 1.0;
				PRODUCT_BUNDLE_IDENTIFIER = clarkdjcr.iTruckersCoDriver;
				PRODUCT_NAME = "$(TARGET_NAME)";
				REGISTER_APP_GROUPS = YES;
				RUNTIME_EXCEPTION_ALLOW_DYLD_ENVIRONMENT_VARIABLES = NO;
				RUNTIME_EXCEPTION_ALLOW_JIT = NO;
				RUNTIME_EXCEPTION_ALLOW_UNSIGNED_EXECUTABLE_MEMORY = NO;
				RUNTIME_EXCEPTION_DEBUGGING_TOOL = NO;
				RUNTIME_EXCEPTION_DISABLE_EXECUTABLE_PAGE_PROTECTION = NO;
				RUNTIME_EXCEPTION_DISABLE_LIBRARY_VALIDATION = NO;
				SDKROOT = auto;
				STRING_CATALOG_GENERATE_SYMBOLS = YES;
				SUPPORTED_PLATFORMS = "iphoneos iphonesimulator macosx xros xrsimulator";
				SWIFT_APPROACHABLE_CONCURRENCY = YES;
				SWIFT_DEFAULT_ACTOR_ISOLATION = MainActor;
				SWIFT_EMIT_LOC_STRINGS = YES;
				SWIFT_UPCOMING_FEATURE_MEMBER_IMPORT_VISIBILITY = YES;
				SWIFT_VERSION = 5.0;
				TARGETED_DEVICE_FAMILY = "1,2,7";
				XROS_DEPLOYMENT_TARGET = 26.2;
			};
			name = Release;
		};
		9245047B2F5CF14E00004415 /* Debug */ = {
			isa = XCBuildConfiguration;
			buildSettings = {
				BUNDLE_LOADER = "$(TEST_HOST)";
				CODE_SIGN_STYLE = Automatic;
				CURRENT_PROJECT_VERSION = 4;
				DEVELOPMENT_TEAM = 965RA266P3;
				GENERATE_INFOPLIST_FILE = YES;
				IPHONEOS_DEPLOYMENT_TARGET = 27.0;
				MACOSX_DEPLOYMENT_TARGET = 27.0;
				MARKETING_VERSION = 1.0;
				PRODUCT_BUNDLE_IDENTIFIER = clarkdjcr.iTruckersCoDriverTests;
				PRODUCT_NAME = "$(TARGET_NAME)";
				SDKROOT = auto;
				STRING_CATALOG_GENERATE_SYMBOLS = NO;
				SUPPORTED_PLATFORMS = "iphoneos iphonesimulator macosx xros xrsimulator";
				SWIFT_APPROACHABLE_CONCURRENCY = YES;
				SWIFT_EMIT_LOC_STRINGS = NO;
				SWIFT_UPCOMING_FEATURE_MEMBER_IMPORT_VISIBILITY = YES;
				SWIFT_VERSION = 5.0;
				TARGETED_DEVICE_FAMILY = "1,2,7";
				TEST_HOST = "$(BUILT_PRODUCTS_DIR)/iTruckersCoDriver.app/$(BUNDLE_EXECUTABLE_FOLDER_PATH)/iTruckersCoDriver";
				XROS_DEPLOYMENT_TARGET = 26.2;
			};
			name = Debug;
		};
		9245047C2F5CF14E00004415 /* Release */ = {
			isa = XCBuildConfiguration;
			buildSettings = {
				BUNDLE_LOADER = "$(TEST_HOST)";
				CODE_SIGN_STYLE = Automatic;
				CURRENT_PROJECT_VERSION = 4;
				DEVELOPMENT_TEAM = 965RA266P3;
				GENERATE_INFOPLIST_FILE = YES;
				IPHONEOS_DEPLOYMENT_TARGET = 27.0;
				MACOSX_DEPLOYMENT_TARGET = 27.0;
				MARKETING_VERSION = 1.0;
				PRODUCT_BUNDLE_IDENTIFIER = clarkdjcr.iTruckersCoDriverTests;
				PRODUCT_NAME = "$(TARGET_NAME)";
				SDKROOT = auto;
				STRING_CATALOG_GENERATE_SYMBOLS = NO;
				SUPPORTED_PLATFORMS = "iphoneos iphonesimulator macosx xros xrsimulator";
				SWIFT_APPROACHABLE_CONCURRENCY = YES;
				SWIFT_EMIT_LOC_STRINGS = NO;
				SWIFT_UPCOMING_FEATURE_MEMBER_IMPORT_VISIBILITY = YES;
				SWIFT_VERSION = 5.0;
				TARGETED_DEVICE_FAMILY = "1,2,7";
				TEST_HOST = "$(BUILT_PRODUCTS_DIR)/iTruckersCoDriver.app/$(BUNDLE_EXECUTABLE_FOLDER_PATH)/iTruckersCoDriver";
				XROS_DEPLOYMENT_TARGET = 26.2;
			};
			name = Release;
		};
		9245047E2F5CF14E00004415 /* Debug */ = {
			isa = XCBuildConfiguration;
			buildSettings = {
				CODE_SIGN_STYLE = Automatic;
				CURRENT_PROJECT_VERSION = 4;
				DEVELOPMENT_TEAM = 965RA266P3;
				GENERATE_INFOPLIST_FILE = YES;
				IPHONEOS_DEPLOYMENT_TARGET = 27.0;
				MACOSX_DEPLOYMENT_TARGET = 27.0;
				MARKETING_VERSION = 1.0;
				PRODUCT_BUNDLE_IDENTIFIER = clarkdjcr.iTruckersCoDriverUITests;
				PRODUCT_NAME = "$(TARGET_NAME)";
				SDKROOT = auto;
				STRING_CATALOG_GENERATE_SYMBOLS = NO;
				SUPPORTED_PLATFORMS = "iphoneos iphonesimulator macosx xros xrsimulator";
				SWIFT_APPROACHABLE_CONCURRENCY = YES;
				SWIFT_EMIT_LOC_STRINGS = NO;
				SWIFT_UPCOMING_FEATURE_MEMBER_IMPORT_VISIBILITY = YES;
				SWIFT_VERSION = 5.0;
				TARGETED_DEVICE_FAMILY = "1,2,7";
				TEST_TARGET_NAME = iTruckersCoDriver;
				XROS_DEPLOYMENT_TARGET = 26.2;
			};
			name = Debug;
		};
		9245047F2F5CF14E00004415 /* Release */ = {
			isa = XCBuildConfiguration;
			buildSettings = {
				CODE_SIGN_STYLE = Automatic;
				CURRENT_PROJECT_VERSION = 4;
				DEVELOPMENT_TEAM = 965RA266P3;
				GENERATE_INFOPLIST_FILE = YES;
				IPHONEOS_DEPLOYMENT_TARGET = 27.0;
				MACOSX_DEPLOYMENT_TARGET = 27.0;
				MARKETING_VERSION = 1.0;
				PRODUCT_BUNDLE_IDENTIFIER = clarkdjcr.iTruckersCoDriverUITests;
				PRODUCT_NAME = "$(TARGET_NAME)";
				SDKROOT = auto;
				STRING_CATALOG_GENERATE_SYMBOLS = NO;
				SUPPORTED_PLATFORMS = "iphoneos iphonesimulator macosx xros xrsimulator";
				SWIFT_APPROACHABLE_CONCURRENCY = YES;
				SWIFT_EMIT_LOC_STRINGS = NO;
				SWIFT_UPCOMING_FEATURE_MEMBER_IMPORT_VISIBILITY = YES;
				SWIFT_VERSION = 5.0;
				TARGETED_DEVICE_FAMILY = "1,2,7";
				TEST_TARGET_NAME = iTruckersCoDriver;
				XROS_DEPLOYMENT_TARGET = 26.2;
			};
			name = Release;
		};
		92B8D9D02FFDE09F000E9004 /* Debug */ = {
			isa = XCBuildConfiguration;
			buildSettings = {
				CODE_SIGN_ENTITLEMENTS = LoadShareExtension/LoadShareExtension.entitlements;
				CODE_SIGN_STYLE = Automatic;
				CURRENT_PROJECT_VERSION = 4;
				DEVELOPMENT_TEAM = 965RA266P3;
				GENERATE_INFOPLIST_FILE = YES;
				INFOPLIST_FILE = LoadShareExtension/Info.plist;
				INFOPLIST_KEY_CFBundleDisplayName = LoadShareExtension;
				INFOPLIST_KEY_NSHumanReadableCopyright = "";
				IPHONEOS_DEPLOYMENT_TARGET = 27.0;
				LD_RUNPATH_SEARCH_PATHS = (
					"$(inherited)",
					"@executable_path/Frameworks",
					"@executable_path/../../Frameworks",
				);
				MARKETING_VERSION = 1.0;
				PRODUCT_BUNDLE_IDENTIFIER = clarkdjcr.iTruckersCoDriver.LoadShareExtension;
				PRODUCT_NAME = "$(TARGET_NAME)";
				REGISTER_APP_GROUPS = YES;
				SDKROOT = iphoneos;
				SKIP_INSTALL = YES;
				STRING_CATALOG_GENERATE_SYMBOLS = YES;
				SWIFT_APPROACHABLE_CONCURRENCY = YES;
				SWIFT_EMIT_LOC_STRINGS = YES;
				SWIFT_UPCOMING_FEATURE_MEMBER_IMPORT_VISIBILITY = YES;
				SWIFT_VERSION = 5.0;
				TARGETED_DEVICE_FAMILY = "1,2";
			};
			name = Debug;
		};
		92B8D9D12FFDE09F000E9004 /* Release */ = {
			isa = XCBuildConfiguration;
			buildSettings = {
				CODE_SIGN_ENTITLEMENTS = LoadShareExtension/LoadShareExtension.entitlements;
				CODE_SIGN_STYLE = Automatic;
				CURRENT_PROJECT_VERSION = 4;
				DEVELOPMENT_TEAM = 965RA266P3;
				GENERATE_INFOPLIST_FILE = YES;
				INFOPLIST_FILE = LoadShareExtension/Info.plist;
				INFOPLIST_KEY_CFBundleDisplayName = LoadShareExtension;
				INFOPLIST_KEY_NSHumanReadableCopyright = "";
				IPHONEOS_DEPLOYMENT_TARGET = 27.0;
				LD_RUNPATH_SEARCH_PATHS = (
					"$(inherited)",
					"@executable_path/Frameworks",
					"@executable_path/../../Frameworks",
				);
				MARKETING_VERSION = 1.0;
				PRODUCT_BUNDLE_IDENTIFIER = clarkdjcr.iTruckersCoDriver.LoadShareExtension;
				PRODUCT_NAME = "$(TARGET_NAME)";
				REGISTER_APP_GROUPS = YES;
				SDKROOT = iphoneos;
				SKIP_INSTALL = YES;
				STRING_CATALOG_GENERATE_SYMBOLS = YES;
				SWIFT_APPROACHABLE_CONCURRENCY = YES;
				SWIFT_EMIT_LOC_STRINGS = YES;
				SWIFT_UPCOMING_FEATURE_MEMBER_IMPORT_VISIBILITY = YES;
				SWIFT_VERSION = 5.0;
				TARGETED_DEVICE_FAMILY = "1,2";
				VALIDATE_PRODUCT = YES;
			};
			name = Release;
		};
/* End XCBuildConfiguration section */

/* Begin XCConfigurationList section */
		9245044F2F5CF14C00004415 /* Build configuration list for PBXProject "iTruckersCoDriver" */ = {
			isa = XCConfigurationList;
			buildConfigurations = (
				924504752F5CF14E00004415 /* Debug */,
				924504762F5CF14E00004415 /* Release */,
			);
			defaultConfigurationIsVisible = 0;
			defaultConfigurationName = Release;
		};
		924504772F5CF14E00004415 /* Build configuration list for PBXNativeTarget "iTruckersCoDriver" */ = {
			isa = XCConfigurationList;
			buildConfigurations = (
				924504782F5CF14E00004415 /* Debug */,
				924504792F5CF14E00004415 /* Release */,
			);
			defaultConfigurationIsVisible = 0;
			defaultConfigurationName = Release;
		};
		9245047A2F5CF14E00004415 /* Build configuration list for PBXNativeTarget "iTruckersCoDriverTests" */ = {
			isa = XCConfigurationList;
			buildConfigurations = (
				9245047B2F5CF14E00004415 /* Debug */,
				9245047C2F5CF14E00004415 /* Release */,
			);
			defaultConfigurationIsVisible = 0;
			defaultConfigurationName = Release;
		};
		9245047D2F5CF14E00004415 /* Build configuration list for PBXNativeTarget "iTruckersCoDriverUITests" */ = {
			isa = XCConfigurationList;
			buildConfigurations = (
				9245047E2F5CF14E00004415 /* Debug */,
				9245047F2F5CF14E00004415 /* Release */,
			);
			defaultConfigurationIsVisible = 0;
			defaultConfigurationName = Release;
		};
		92B8D9CF2FFDE09F000E9004 /* Build configuration list for PBXNativeTarget "LoadShareExtension" */ = {
			isa = XCConfigurationList;
			buildConfigurations = (
				92B8D9D02FFDE09F000E9004 /* Debug */,
				92B8D9D12FFDE09F000E9004 /* Release */,
			);
			defaultConfigurationIsVisible = 0;
			defaultConfigurationName = Release;
		};
/* End XCConfigurationList section */
	};
	rootObject = 9245044C2F5CF14C00004415 /* Project object */;
}
